// !$*UTF8*$!
{
	archiveVersion = 1;
	classes = {
	};
	objectVersion = 46;
	objects = {

/* Begin PBXBuildFile section */
		C84CDED51B06314400C57C9E /* main.m in Sources */ = {isa = PBXBuildFile; fileRef = C84CDED41B06314400C57C9E /* main.m */; };
		C84CDED81B06314400C57C9E /* AppDelegate.m in Sources */ = {isa = PBXBuildFile; fileRef = C84CDED71B06314400C57C9E /* AppDelegate.m */; };
		C84CDEDB1B06314400C57C9E /* ViewController.m in Sources */ = {isa = PBXBuildFile; fileRef = C84CDEDA1B06314400C57C9E /* ViewController.m */; };
		C84CDEDE1B06314400C57C9E /* Main.storyboard in Resources */ = {isa = PBXBuildFile; fileRef = C84CDEDC1B06314400C57C9E /* Main.storyboard */; };
		C84CDEE01B06314400C57C9E /* Images.xcassets in Resources */ = {isa = PBXBuildFile; fileRef = C84CDEDF1B06314400C57C9E /* Images.xcassets */; };
		C84CDEE31B06314400C57C9E /* LaunchScreen.xib in Resources */ = {isa = PBXBuildFile; fileRef = C84CDEE11B06314400C57C9E /* LaunchScreen.xib */; };
		C84CDEEF1B06314400C57C9E /* BadFactoryPatternExampleTests.m in Sources */ = {isa = PBXBuildFile; fileRef = C84CDEEE1B06314400C57C9E /* BadFactoryPatternExampleTests.m */; };
		C84CDEFA1B0633FB00C57C9E /* MyAwesomeView.m in Sources */ = {isa = PBXBuildFile; fileRef = C84CDEF91B0633FB00C57C9E /* MyAwesomeView.m */; };
		C84CDEFD1B06345D00C57C9E /* ViewFactory.m in Sources */ = {isa = PBXBuildFile; fileRef = C84CDEFC1B06345D00C57C9E /* ViewFactory.m */; };
		C84CDF001B06357700C57C9E /* MyCrappyView.m in Sources */ = {isa = PBXBuildFile; fileRef = C84CDEFF1B06357700C57C9E /* MyCrappyView.m */; };
/* End PBXBuildFile section */

/* Begin PBXContainerItemProxy section */
		C84CDEE91B06314400C57C9E /* PBXContainerItemProxy */ = {
			isa = PBXContainerItemProxy;
			containerPortal = C84CDEC71B06314400C57C9E /* Project object */;
			proxyType = 1;
			remoteGlobalIDString = C84CDECE1B06314400C57C9E;
			remoteInfo = BadFactoryPatternExample;
		};
/* End PBXContainerItemProxy section */

/* Begin PBXFileReference section */
		C84CDECF1B06314400C57C9E /* BadFactoryPatternExample.app */ = {isa = PBXFileReference; explicitFileType = wrapper.application; includeInIndex = 0; path = BadFactoryPatternExample.app; sourceTree = BUILT_PRODUCTS_DIR; };
		C84CDED31B06314400C57C9E /* Info.plist */ = {isa = PBXFileReference; lastKnownFileType = text.plist.xml; path = Info.plist; sourceTree = "<group>"; };
		C84CDED41B06314400C57C9E /* main.m */ = {isa = PBXFileReference; lastKnownFileType = sourcecode.c.objc; path = main.m; sourceTree = "<group>"; };
		C84CDED61B06314400C57C9E /* AppDelegate.h */ = {isa = PBXFileReference; lastKnownFileType = sourcecode.c.h; path = AppDelegate.h; sourceTree = "<group>"; };
		C84CDED71B06314400C57C9E /* AppDelegate.m */ = {isa = PBXFileReference; lastKnownFileType = sourcecode.c.objc; path = AppDelegate.m; sourceTree = "<group>"; };
		C84CDED91B06314400C57C9E /* ViewController.h */ = {isa = PBXFileReference; lastKnownFileType = sourcecode.c.h; path = ViewController.h; sourceTree = "<group>"; };
		C84CDEDA1B06314400C57C9E /* ViewController.m */ = {isa = PBXFileReference; lastKnownFileType = sourcecode.c.objc; path = ViewController.m; sourceTree = "<group>"; };
		C84CDEDD1B06314400C57C9E /* Base */ = {isa = PBXFileReference; lastKnownFileType = file.storyboard; name = Base; path = Base.lproj/Main.storyboard; sourceTree = "<group>"; };
		C84CDEDF1B06314400C57C9E /* Images.xcassets */ = {isa = PBXFileReference; lastKnownFileType = folder.assetcatalog; path = Images.xcassets; sourceTree = "<group>"; };
		C84CDEE21B06314400C57C9E /* Base */ = {isa = PBXFileReference; lastKnownFileType = file.xib; name = Base; path = Base.lproj/LaunchScreen.xib; sourceTree = "<group>"; };
		C84CDEE81B06314400C57C9E /* BadFactoryPatternExampleTests.xctest */ = {isa = PBXFileReference; explicitFileType = wrapper.cfbundle; includeInIndex = 0; path = BadFactoryPatternExampleTests.xctest; sourceTree = BUILT_PRODUCTS_DIR; };
		C84CDEED1B06314400C57C9E /* Info.plist */ = {isa = PBXFileReference; lastKnownFileType = text.plist.xml; path = Info.plist; sourceTree = "<group>"; };
		C84CDEEE1B06314400C57C9E /* BadFactoryPatternExampleTests.m */ = {isa = PBXFileReference; lastKnownFileType = sourcecode.c.objc; path = BadFactoryPatternExampleTests.m; sourceTree = "<group>"; };
		C84CDEF81B0633FB00C57C9E /* MyAwesomeView.h */ = {isa = PBXFileReference; fileEncoding = 4; lastKnownFileType = sourcecode.c.h; path = MyAwesomeView.h; sourceTree = "<group>"; };
		C84CDEF91B0633FB00C57C9E /* MyAwesomeView.m */ = {isa = PBXFileReference; fileEncoding = 4; lastKnownFileType = sourcecode.c.objc; path = MyAwesomeView.m; sourceTree = "<group>"; };
		C84CDEFB1B06345D00C57C9E /* ViewFactory.h */ = {isa = PBXFileReference; fileEncoding = 4; lastKnownFileType = sourcecode.c.h; path = ViewFactory.h; sourceTree = "<group>"; };
		C84CDEFC1B06345D00C57C9E /* ViewFactory.m */ = {isa = PBXFileReference; fileEncoding = 4; lastKnownFileType = sourcecode.c.objc; path = ViewFactory.m; sourceTree = "<group>"; };
		C84CDEFE1B06357700C57C9E /* MyCrappyView.h */ = {isa = PBXFileReference; fileEncoding = 4; lastKnownFileType = sourcecode.c.h; path = MyCrappyView.h; sourceTree = "<group>"; };
		C84CDEFF1B06357700C57C9E /* MyCrappyView.m */ = {isa = PBXFileReference; fileEncoding = 4; lastKnownFileType = sourcecode.c.objc; path = MyCrappyView.m; sourceTree = "<group>"; };
/* End PBXFileReference section */

/* Begin PBXFrameworksBuildPhase section */
		C84CDECC1B06314400C57C9E /* Frameworks */ = {
			isa = PBXFrameworksBuildPhase;
			buildActionMask = 2147483647;
			files = (
			);
			runOnlyForDeploymentPostprocessing = 0;
		};
		C84CDEE51B06314400C57C9E /* Frameworks */ = {
			isa = PBXFrameworksBuildPhase;
			buildActionMask = 2147483647;
			files = (
			);
			runOnlyForDeploymentPostprocessing = 0;
		};
/* End PBXFrameworksBuildPhase section */

/* Begin PBXGroup section */
		C84CDEC61B06314400C57C9E = {
			isa = PBXGroup;
			children = (
				C84CDED11B06314400C57C9E /* BadFactoryPatternExample */,
				C84CDEEB1B06314400C57C9E /* BadFactoryPatternExampleTests */,
				C84CDED01B06314400C57C9E /* Products */,
			);
			sourceTree = "<group>";
		};
		C84CDED01B06314400C57C9E /* Products */ = {
			isa = PBXGroup;
			children = (
				C84CDECF1B06314400C57C9E /* BadFactoryPatternExample.app */,
				C84CDEE81B06314400C57C9E /* BadFactoryPatternExampleTests.xctest */,
			);
			name = Products;
			sourceTree = "<group>";
		};
		C84CDED11B06314400C57C9E /* BadFactoryPatternExample */ = {
			isa = PBXGroup;
			children = (
				C84CDED61B06314400C57C9E /* AppDelegate.h */,
				C84CDED71B06314400C57C9E /* AppDelegate.m */,
				C84CDED91B06314400C57C9E /* ViewController.h */,
				C84CDEDA1B06314400C57C9E /* ViewController.m */,
				C84CDEDC1B06314400C57C9E /* Main.storyboard */,
				C84CDEDF1B06314400C57C9E /* Images.xcassets */,
				C84CDEE11B06314400C57C9E /* LaunchScreen.xib */,
				C84CDED21B06314400C57C9E /* Supporting Files */,
				C84CDEF81B0633FB00C57C9E /* MyAwesomeView.h */,
				C84CDEF91B0633FB00C57C9E /* MyAwesomeView.m */,
				C84CDEFB1B06345D00C57C9E /* ViewFactory.h */,
				C84CDEFC1B06345D00C57C9E /* ViewFactory.m */,
				C84CDEFE1B06357700C57C9E /* MyCrappyView.h */,
				C84CDEFF1B06357700C57C9E /* MyCrappyView.m */,
			);
			path = BadFactoryPatternExample;
			sourceTree = "<group>";
		};
		C84CDED21B06314400C57C9E /* Supporting Files */ = {
			isa = PBXGroup;
			children = (
				C84CDED31B06314400C57C9E /* Info.plist */,
				C84CDED41B06314400C57C9E /* main.m */,
			);
			name = "Supporting Files";
			sourceTree = "<group>";
		};
		C84CDEEB1B06314400C57C9E /* BadFactoryPatternExampleTests */ = {
			isa = PBXGroup;
			children = (
				C84CDEEE1B06314400C57C9E /* BadFactoryPatternExampleTests.m */,
				C84CDEEC1B06314400C57C9E /* Supporting Files */,
			);
			path = BadFactoryPatternExampleTests;
			sourceTree = "<group>";
		};
		C84CDEEC1B06314400C57C9E /* Supporting Files */ = {
			isa = PBXGroup;
			children = (
				C84CDEED1B06314400C57C9E /* Info.plist */,
			);
			name = "Supporting Files";
			sourceTree = "<group>";
		};
/* End PBXGroup section */

/* Begin PBXNativeTarget section */
		C84CDECE1B06314400C57C9E /* BadFactoryPatternExample */ = {
			isa = PBXNativeTarget;
			buildConfigurationList = C84CDEF21B06314400C57C9E /* Build configuration list for PBXNativeTarget "BadFactoryPatternExample" */;
			buildPhases = (
				C84CDECB1B06314400C57C9E /* Sources */,
				C84CDECC1B06314400C57C9E /* Frameworks */,
				C84CDECD1B06314400C57C9E /* Resources */,
			);
			buildRules = (
			);
			dependencies = (
			);
			name = BadFactoryPatternExample;
			productName = BadFactoryPatternExample;
			productReference = C84CDECF1B06314400C57C9E /* BadFactoryPatternExample.app */;
			productType = "com.apple.product-type.application";
		};
		C84CDEE71B06314400C57C9E /* BadFactoryPatternExampleTests */ = {
			isa = PBXNativeTarget;
			buildConfigurationList = C84CDEF51B06314400C57C9E /* Build configuration list for PBXNativeTarget "BadFactoryPatternExampleTests" */;
			buildPhases = (
				C84CDEE41B06314400C57C9E /* Sources */,
				C84CDEE51B06314400C57C9E /* Frameworks */,
				C84CDEE61B06314400C57C9E /* Resources */,
			);
			buildRules = (
			);
			dependencies = (
				C84CDEEA1B06314400C57C9E /* PBXTargetDependency */,
			);
			name = BadFactoryPatternExampleTests;
			productName = BadFactoryPatternExampleTests;
			productReference = C84CDEE81B06314400C57C9E /* BadFactoryPatternExampleTests.xctest */;
			productType = "com.apple.product-type.bundle.unit-test";
		};
/* End PBXNativeTarget section */

/* Begin PBXProject section */
		C84CDEC71B06314400C57C9E /* Project object */ = {
			isa = PBXProject;
			attributes = {
				LastUpgradeCheck = 0630;
				ORGANIZATIONNAME = "Bottle Rocket Apps";
				TargetAttributes = {
					C84CDECE1B06314400C57C9E = {
						CreatedOnToolsVersion = 6.3.1;
					};
					C84CDEE71B06314400C57C9E = {
						CreatedOnToolsVersion = 6.3.1;
						TestTargetID = C84CDECE1B06314400C57C9E;
					};
				};
			};
			buildConfigurationList = C84CDECA1B06314400C57C9E /* Build configuration list for PBXProject "BadFactoryPatternExample" */;
			compatibilityVersion = "Xcode 3.2";
			developmentRegion = English;
			hasScannedForEncodings = 0;
			knownRegions = (
				en,
				Base,
			);
			mainGroup = C84CDEC61B06314400C57C9E;
			productRefGroup = C84CDED01B06314400C57C9E /* Products */;
			projectDirPath = "";
			projectRoot = "";
			targets = (
				C84CDECE1B06314400C57C9E /* BadFactoryPatternExample */,
				C84CDEE71B06314400C57C9E /* BadFactoryPatternExampleTests */,
			);
		};
/* End PBXProject section */

/* Begin PBXResourcesBuildPhase section */
		C84CDECD1B06314400C57C9E /* Resources */ = {
			isa = PBXResourcesBuildPhase;
			buildActionMask = 2147483647;
			files = (
				C84CDEDE1B06314400C57C9E /* Main.storyboard in Resources */,
				C84CDEE31B06314400C57C9E /* LaunchScreen.xib in Resources */,
				C84CDEE01B06314400C57C9E /* Images.xcassets in Resources */,
			);
			runOnlyForDeploymentPostprocessing = 0;
		};
		C84CDEE61B06314400C57C9E /* Resources */ = {
			isa = PBXResourcesBuildPhase;
			buildActionMask = 2147483647;
			files = (
			);
			runOnlyForDeploymentPostprocessing = 0;
		};
/* End PBXResourcesBuildPhase section */

/* Begin PBXSourcesBuildPhase section */
		C84CDECB1B06314400C57C9E /* Sources */ = {
			isa = PBXSourcesBuildPhase;
			buildActionMask = 2147483647;
			files = (
				C84CDEFA1B0633FB00C57C9E /* MyAwesomeView.m in Sources */,
				C84CDF001B06357700C57C9E /* MyCrappyView.m in Sources */,
				C84CDEDB1B06314400C57C9E /* ViewController.m in Sources */,
				C84CDED81B06314400C57C9E /* AppDelegate.m in Sources */,
				C84CDED51B06314400C57C9E /* main.m in Sources */,
				C84CDEFD1B06345D00C57C9E /* ViewFactory.m in Sources */,
			);
			runOnlyForDeploymentPostprocessing = 0;
		};
		C84CDEE41B06314400C57C9E /* Sources */ = {
			isa = PBXSourcesBuildPhase;
			buildActionMask = 2147483647;
			files = (
				C84CDEEF1B06314400C57C9E /* BadFactoryPatternExampleTests.m in Sources */,
			);
			runOnlyForDeploymentPostprocessing = 0;
		};
/* End PBXSourcesBuildPhase section */

/* Begin PBXTargetDependency section */
		C84CDEEA1B06314400C57C9E /* PBXTargetDependency */ = {
			isa = PBXTargetDependency;
			target = C84CDECE1B06314400C57C9E /* BadFactoryPatternExample */;
			targetProxy = C84CDEE91B06314400C57C9E /* PBXContainerItemProxy */;
		};
/* End PBXTargetDependency section */

/* Begin PBXVariantGroup section */
		C84CDEDC1B06314400C57C9E /* Main.storyboard */ = {
			isa = PBXVariantGroup;
			children = (
				C84CDEDD1B06314400C57C9E /* Base */,
			);
			name = Main.storyboard;
			sourceTree = "<group>";
		};
		C84CDEE11B06314400C57C9E /* LaunchScreen.xib */ = {
			isa = PBXVariantGroup;
			children = (
				C84CDEE21B06314400C57C9E /* Base */,
			);
			name = LaunchScreen.xib;
			sourceTree = "<group>";
		};
/* End PBXVariantGroup section */

/* Begin XCBuildConfiguration section */
		C84CDEF01B06314400C57C9E /* Debug */ = {
			isa = XCBuildConfiguration;
			buildSettings = {
				ALWAYS_SEARCH_USER_PATHS = NO;
				CLANG_CXX_LANGUAGE_STANDARD = "gnu++0x";
				CLANG_CXX_LIBRARY = "libc++";
				CLANG_ENABLE_MODULES = YES;
				CLANG_ENABLE_OBJC_ARC = YES;
				CLANG_WARN_BOOL_CONVERSION = YES;
				CLANG_WARN_CONSTANT_CONVERSION = YES;
				CLANG_WARN_DIRECT_OBJC_ISA_USAGE = YES_ERROR;
				CLANG_WARN_EMPTY_BODY = YES;
				CLANG_WARN_ENUM_CONVERSION = YES;
				CLANG_WARN_INT_CONVERSION = YES;
				CLANG_WARN_OBJC_ROOT_CLASS = YES_ERROR;
				CLANG_WARN_UNREACHABLE_CODE = YES;
				CLANG_WARN__DUPLICATE_METHOD_MATCH = YES;
				"CODE_SIGN_IDENTITY[sdk=iphoneos*]" = "iPhone Developer";
				COPY_PHASE_STRIP = NO;
				DEBUG_INFORMATION_FORMAT = "dwarf-with-dsym";
				ENABLE_STRICT_OBJC_MSGSEND = YES;
				GCC_C_LANGUAGE_STANDARD = gnu99;
				GCC_DYNAMIC_NO_PIC = NO;
				GCC_NO_COMMON_BLOCKS = YES;
				GCC_OPTIMIZATION_LEVEL = 0;
				GCC_PREPROCESSOR_DEFINITIONS = (
					"DEBUG=1",
					"$(inherited)",
				);
				GCC_SYMBOLS_PRIVATE_EXTERN = NO;
				GCC_WARN_64_TO_32_BIT_CONVERSION = YES;
				GCC_WARN_ABOUT_RETURN_TYPE = YES_ERROR;
				GCC_WARN_UNDECLARED_SELECTOR = YES;
				GCC_WARN_UNINITIALIZED_AUTOS = YES_AGGRESSIVE;
				GCC_WARN_UNUSED_FUNCTION = YES;
				GCC_WARN_UNUSED_VARIABLE = YES;
				IPHONEOS_DEPLOYMENT_TARGET = 8.3;
				MTL_ENABLE_DEBUG_INFO = YES;
				ONLY_ACTIVE_ARCH = YES;
				SDKROOT = iphoneos;
				TARGETED_DEVICE_FAMILY = "1,2";
			};
			name = Debug;
		};
		C84CDEF11B06314400C57C9E /* Release */ = {
			isa = XCBuildConfiguration;
			buildSettings = {
				ALWAYS_SEARCH_USER_PATHS = NO;
				CLANG_CXX_LANGUAGE_STANDARD = "gnu++0x";
				CLANG_CXX_LIBRARY = "libc++";
				CLANG_ENABLE_MODULES = YES;
				CLANG_ENABLE_OBJC_ARC = YES;
				CLANG_WARN_BOOL_CONVERSION = YES;
				CLANG_WARN_CONSTANT_CONVERSION = YES;
				CLANG_WARN_DIRECT_OBJC_ISA_USAGE = YES_ERROR;
				CLANG_WARN_EMPTY_BODY = YES;
				CLANG_WARN_ENUM_CONVERSION = YES;
				CLANG_WARN_INT_CONVERSION = YES;
				CLANG_WARN_OBJC_ROOT_CLASS = YES_ERROR;
				CLANG_WARN_UNREACHABLE_CODE = YES;
				CLANG_WARN__DUPLICATE_METHOD_MATCH = YES;
				"CODE_SIGN_IDENTITY[sdk=iphoneos*]" = "iPhone Developer";
				COPY_PHASE_STRIP = NO;
				DEBUG_INFORMATION_FORMAT = "dwarf-with-dsym";
				ENABLE_NS_ASSERTIONS = NO;
				ENABLE_STRICT_OBJC_MSGSEND = YES;
				GCC_C_LANGUAGE_STANDARD = gnu99;
				GCC_NO_COMMON_BLOCKS = YES;
				GCC_WARN_64_TO_32_BIT_CONVERSION = YES;
				GCC_WARN_ABOUT_RETURN_TYPE = YES_ERROR;
				GCC_WARN_UNDECLARED_SELECTOR = YES;
				GCC_WARN_UNINITIALIZED_AUTOS = YES_AGGRESSIVE;
				GCC_WARN_UNUSED_FUNCTION = YES;
				GCC_WARN_UNUSED_VARIABLE = YES;
				IPHONEOS_DEPLOYMENT_TARGET = 8.3;
				MTL_ENABLE_DEBUG_INFO = NO;
				SDKROOT = iphoneos;
				TARGETED_DEVICE_FAMILY = "1,2";
				VALIDATE_PRODUCT = YES;
			};
			name = Release;
		};
		C84CDEF31B06314400C57C9E /* Debug */ = {
			isa = XCBuildConfiguration;
			buildSettings = {
				ASSETCATALOG_COMPILER_APPICON_NAME = AppIcon;
				INFOPLIST_FILE = BadFactoryPatternExample/Info.plist;
				LD_RUNPATH_SEARCH_PATHS = "$(inherited) @executable_path/Frameworks";
				PRODUCT_NAME = "$(TARGET_NAME)";
			};
			name = Debug;
		};
		C84CDEF41B06314400C57C9E /* Release */ = {
			isa = XCBuildConfiguration;
			buildSettings = {
				ASSETCATALOG_COMPILER_APPICON_NAME = AppIcon;
				INFOPLIST_FILE = BadFactoryPatternExample/Info.plist;
				LD_RUNPATH_SEARCH_PATHS = "$(inherited) @executable_path/Frameworks";
				PRODUCT_NAME = "$(TARGET_NAME)";
			};
			name = Release;
		};
		C84CDEF61B06314400C57C9E /* Debug */ = {
			isa = XCBuildConfiguration;
			buildSettings = {
				BUNDLE_LOADER = "$(TEST_HOST)";
				FRAMEWORK_SEARCH_PATHS = (
					"$(SDKROOT)/Developer/Library/Frameworks",
					"$(inherited)",
				);
				GCC_PREPROCESSOR_DEFINITIONS = (
					"DEBUG=1",
					"$(inherited)",
				);
				INFOPLIST_FILE = BadFactoryPatternExampleTests/Info.plist;
				LD_RUNPATH_SEARCH_PATHS = "$(inherited) @executable_path/Frameworks @loader_path/Frameworks";
				PRODUCT_NAME = "$(TARGET_NAME)";
				TEST_HOST = "$(BUILT_PRODUCTS_DIR)/BadFactoryPatternExample.app/BadFactoryPatternExample";
			};
			name = Debug;
		};
		C84CDEF71B06314400C57C9E /* Release */ = {
			isa = XCBuildConfiguration;
			buildSettings = {
				BUNDLE_LOADER = "$(TEST_HOST)";
				FRAMEWORK_SEARCH_PATHS = (
					"$(SDKROOT)/Developer/Library/Frameworks",
					"$(inherited)",
				);
				INFOPLIST_FILE = BadFactoryPatternExampleTests/Info.plist;
				LD_RUNPATH_SEARCH_PATHS = "$(inherited) @executable_path/Frameworks @loader_path/Frameworks";
				PRODUCT_NAME = "$(TARGET_NAME)";
				TEST_HOST = "$(BUILT_PRODUCTS_DIR)/BadFactoryPatternExample.app/BadFactoryPatternExample";
			};
			name = Release;
		};
/* End XCBuildConfiguration section */

/* Begin XCConfigurationList section */
		C84CDECA1B06314400C57C9E /* Build configuration list for PBXProject "BadFactoryPatternExample" */ = {
			isa = XCConfigurationList;
			buildConfigurations = (
				C84CDEF01B06314400C57C9E /* Debug */,
				C84CDEF11B06314400C57C9E /* Release */,
			);
			defaultConfigurationIsVisible = 0;
			defaultConfigurationName = Release;
		};
		C84CDEF21B06314400C57C9E /* Build configuration list for PBXNativeTarget "BadFactoryPatternExample" */ = {
			isa = XCConfigurationList;
			buildConfigurations = (
				C84CDEF31B06314400C57C9E /* Debug */,
				C84CDEF41B06314400C57C9E /* Release */,
			);
			defaultConfigurationIsVisible = 0;
		};
		C84CDEF51B06314400C57C9E /* Build configuration list for PBXNativeTarget "BadFactoryPatternExampleTests" */ = {
			isa = XCConfigurationList;
			buildConfigurations = (
				C84CDEF61B06314400C57C9E /* Debug */,
				C84CDEF71B06314400C57C9E /* Release */,
			);
			defaultConfigurationIsVisible = 0;
		};
/* End XCConfigurationList section */
	};
	rootObject = C84CDEC71B06314400C57C9E /* Project object */;
}
